
Microsoft Visual Studio Solution File, Format Version 12.00
Project("{FAE04EC0-301F-11D3-BF4B-00C04F79EFBC}") = "ApiGateway", "ApiGateway\ApiGateway.csproj", "{D221C93A-CDFA-4AB9-B682-346E3333A59E}"
EndProject
Project("{2150E333-8FDC-42A3-9474-1A3956D46DE8}") = "Services", "Services", "{EFB18544-AB1A-4046-8A06-C80097204180}"
EndProject
Project("{FAE04EC0-301F-11D3-BF4B-00C04F79EFBC}") = "Customer.Api", "Services\Customer\Customer.Api\Customer.Api.csproj", "{1C441624-92B1-445B-8A91-099E83043243}"
EndProject
Project("{FAE04EC0-301F-11D3-BF4B-00C04F79EFBC}") = "Reservation.Api", "Services\Reservation\Reservation.Api\Reservation.Api.csproj", "{FA0B51BF-186C-40EA-83DA-2290B8C0A80C}"
EndProject
Project("{2150E333-8FDC-42A3-9474-1A3956D46DE8}") = "Customer", "Customer", "{92FA698F-13D0-4D1C-AECD-BCDC032EBB7F}"
EndProject
Project("{2150E333-8FDC-42A3-9474-1A3956D46DE8}") = "Reservation", "Reservation", "{F0CE81B5-26E6-4512-B862-4A66DC5891A9}"
EndProject
Project("{FAE04EC0-301F-11D3-BF4B-00C04F79EFBC}") = "Customer.Infrastructure", "Services\Customer\Customer.Infrastructure\Customer.Infrastructure.csproj", "{C67E339D-CB0C-4AF5-B288-1F57BA75B909}"
EndProject
Project("{FAE04EC0-301F-11D3-BF4B-00C04F79EFBC}") = "Customer.Models", "Services\Customer\Customer.Models\Customer.Models.csproj", "{ABE3BB5E-797D-47AA-97D4-C531A86821C5}"
EndProject
Project("{FAE04EC0-301F-11D3-BF4B-00C04F79EFBC}") = "Customer.Services", "Services\Customer\Customer.Services\Customer.Services.csproj", "{DCD05ECE-1D57-4B18-AF66-9C9471BA0655}"
EndProject
Project("{FAE04EC0-301F-11D3-BF4B-00C04F79EFBC}") = "Reservation.Infrastructure", "Services\Reservation\Reservation.Infrastructure\Reservation.Infrastructure.csproj", "{4FA0914B-FF59-44F3-94B0-F8C9F0217E35}"
EndProject
Project("{FAE04EC0-301F-11D3-BF4B-00C04F79EFBC}") = "Reservation.Services", "Services\Reservation\Reservation.Services\Reservation.Services.csproj", "{C6E12524-9035-425B-8073-CAB4EBE02D73}"
EndProject
Project("{FAE04EC0-301F-11D3-BF4B-00C04F79EFBC}") = "Reservation.Models", "Services\Reservation\Reservation.Models\Reservation.Models.csproj", "{93635EBE-7B0D-4CAA-9BE9-967ECD57DEF4}"
EndProject
Global
	GlobalSection(SolutionConfigurationPlatforms) = preSolution
		Debug|Any CPU = Debug|Any CPU
		Release|Any CPU = Release|Any CPU
	EndGlobalSection
	GlobalSection(ProjectConfigurationPlatforms) = postSolution
		{D221C93A-CDFA-4AB9-B682-346E3333A59E}.Debug|Any CPU.ActiveCfg = Debug|Any CPU
		{D221C93A-CDFA-4AB9-B682-346E3333A59E}.Debug|Any CPU.Build.0 = Debug|Any CPU
		{D221C93A-CDFA-4AB9-B682-346E3333A59E}.Release|Any CPU.ActiveCfg = Release|Any CPU
		{D221C93A-CDFA-4AB9-B682-346E3333A59E}.Release|Any CPU.Build.0 = Release|Any CPU
		{1C441624-92B1-445B-8A91-099E83043243}.Debug|Any CPU.ActiveCfg = Debug|Any CPU
		{1C441624-92B1-445B-8A91-099E83043243}.Debug|Any CPU.Build.0 = Debug|Any CPU
		{1C441624-92B1-445B-8A91-099E83043243}.Release|Any CPU.ActiveCfg = Release|Any CPU
		{1C441624-92B1-445B-8A91-099E83043243}.Release|Any CPU.Build.0 = Release|Any CPU
		{FA0B51BF-186C-40EA-83DA-2290B8C0A80C}.Debug|Any CPU.ActiveCfg = Debug|Any CPU
		{FA0B51BF-186C-40EA-83DA-2290B8C0A80C}.Debug|Any CPU.Build.0 = Debug|Any CPU
		{FA0B51BF-186C-40EA-83DA-2290B8C0A80C}.Release|Any CPU.ActiveCfg = Release|Any CPU
		{FA0B51BF-186C-40EA-83DA-2290B8C0A80C}.Release|Any CPU.Build.0 = Release|Any CPU
		{C67E339D-CB0C-4AF5-B288-1F57BA75B909}.Debug|Any CPU.ActiveCfg = Debug|Any CPU
		{C67E339D-CB0C-4AF5-B288-1F57BA75B909}.Debug|Any CPU.Build.0 = Debug|Any CPU
		{C67E339D-CB0C-4AF5-B288-1F57BA75B909}.Release|Any CPU.ActiveCfg = Release|Any CPU
		{C67E339D-CB0C-4AF5-B288-1F57BA75B909}.Release|Any CPU.Build.0 = Release|Any CPU
		{ABE3BB5E-797D-47AA-97D4-C531A86821C5}.Debug|Any CPU.ActiveCfg = Debug|Any CPU
		{ABE3BB5E-797D-47AA-97D4-C531A86821C5}.Debug|Any CPU.Build.0 = Debug|Any CPU
		{ABE3BB5E-797D-47AA-97D4-C531A86821C5}.Release|Any CPU.ActiveCfg = Release|Any CPU
		{ABE3BB5E-797D-47AA-97D4-C531A86821C5}.Release|Any CPU.Build.0 = Release|Any CPU
		{DCD05ECE-1D57-4B18-AF66-9C9471BA0655}.Debug|Any CPU.ActiveCfg = Debug|Any CPU
		{DCD05ECE-1D57-4B18-AF66-9C9471BA0655}.Debug|Any CPU.Build.0 = Debug|Any CPU
		{DCD05ECE-1D57-4B18-AF66-9C9471BA0655}.Release|Any CPU.ActiveCfg = Release|Any CPU
		{DCD05ECE-1D57-4B18-AF66-9C9471BA0655}.Release|Any CPU.Build.0 = Release|Any CPU
		{4FA0914B-FF59-44F3-94B0-F8C9F0217E35}.Debug|Any CPU.ActiveCfg = Debug|Any CPU
		{4FA0914B-FF59-44F3-94B0-F8C9F0217E35}.Debug|Any CPU.Build.0 = Debug|Any CPU
		{4FA0914B-FF59-44F3-94B0-F8C9F0217E35}.Release|Any CPU.ActiveCfg = Release|Any CPU
		{4FA0914B-FF59-44F3-94B0-F8C9F0217E35}.Release|Any CPU.Build.0 = Release|Any CPU
		{C6E12524-9035-425B-8073-CAB4EBE02D73}.Debug|Any CPU.ActiveCfg = Debug|Any CPU
		{C6E12524-9035-425B-8073-CAB4EBE02D73}.Debug|Any CPU.Build.0 = Debug|Any CPU
		{C6E12524-9035-425B-8073-CAB4EBE02D73}.Release|Any CPU.ActiveCfg = Release|Any CPU
		{C6E12524-9035-425B-8073-CAB4EBE02D73}.Release|Any CPU.Build.0 = Release|Any CPU
		{93635EBE-7B0D-4CAA-9BE9-967ECD57DEF4}.Debug|Any CPU.ActiveCfg = Debug|Any CPU
		{93635EBE-7B0D-4CAA-9BE9-967ECD57DEF4}.Debug|Any CPU.Build.0 = Debug|Any CPU
		{93635EBE-7B0D-4CAA-9BE9-967ECD57DEF4}.Release|Any CPU.ActiveCfg = Release|Any CPU
		{93635EBE-7B0D-4CAA-9BE9-967ECD57DEF4}.Release|Any CPU.Build.0 = Release|Any CPU
	EndGlobalSection
	GlobalSection(NestedProjects) = preSolution
		{92FA698F-13D0-4D1C-AECD-BCDC032EBB7F} = {EFB18544-AB1A-4046-8A06-C80097204180}
		{1C441624-92B1-445B-8A91-099E83043243} = {92FA698F-13D0-4D1C-AECD-BCDC032EBB7F}
		{F0CE81B5-26E6-4512-B862-4A66DC5891A9} = {EFB18544-AB1A-4046-8A06-C80097204180}
		{FA0B51BF-186C-40EA-83DA-2290B8C0A80C} = {F0CE81B5-26E6-4512-B862-4A66DC5891A9}
		{C67E339D-CB0C-4AF5-B288-1F57BA75B909} = {92FA698F-13D0-4D1C-AECD-BCDC032EBB7F}
		{ABE3BB5E-797D-47AA-97D4-C531A86821C5} = {92FA698F-13D0-4D1C-AECD-BCDC032EBB7F}
		{DCD05ECE-1D57-4B18-AF66-9C9471BA0655} = {92FA698F-13D0-4D1C-AECD-BCDC032EBB7F}
		{4FA0914B-FF59-44F3-94B0-F8C9F0217E35} = {F0CE81B5-26E6-4512-B862-4A66DC5891A9}
		{C6E12524-9035-425B-8073-CAB4EBE02D73} = {F0CE81B5-26E6-4512-B862-4A66DC5891A9}
		{93635EBE-7B0D-4CAA-9BE9-967ECD57DEF4} = {F0CE81B5-26E6-4512-B862-4A66DC5891A9}
	EndGlobalSection
EndGlobal
